{
    "_readme": [
        "This file locks the dependencies of your project to a known state",
        "Read more about it at https://getcomposer.org/doc/01-basic-usage.md#installing-dependencies",
        "This file is @generated automatically"
    ],
    "content-hash": "c9b7bf88ef6393297342493d3937a3fc",
    "packages": [
        {
            "name": "jsor/locale-data",
            "version": "v2.1.0",
            "source": {
                "type": "git",
                "url": "https://github.com/jsor/locale-data.git",
                "reference": "e76011df4957b26df279711f038b651b6171c949"
            },
            "dist": {
                "type": "zip",
                "url": "https://api.github.com/repos/jsor/locale-data/zipball/e76011df4957b26df279711f038b651b6171c949",
                "reference": "e76011df4957b26df279711f038b651b6171c949",
                "shasum": ""
            },
            "require": {
                "php": "^5.6 || ^7.0"
            },
            "require-dev": {
                "phpunit/phpunit": "^5.7 || ^6.5",
                "symfony/console": "^3.4"
            },
            "type": "library",
            "autoload": {
                "psr-4": {
                    "Jsor\\LocaleData\\": "src/"
                }
            },
            "notification-url": "https://packagist.org/downloads/",
            "license": [
                "MIT"
            ],
            "authors": [
                {
                    "name": "Jan Sorgalla",
                    "email": "jsorgalla@gmail.com"
                }
            ],
            "description": "Locale data in various formats.",
            "time": "2019-05-24T20:47:46+00:00"
        },
        {
            "name": "jsor/string-formatter",
            "version": "v1.1.0",
            "source": {
                "type": "git",
                "url": "https://github.com/jsor/string-formatter.git",
                "reference": "36d8d8854198e9c7d28700fb8b56838c9811d405"
            },
            "dist": {
                "type": "zip",
                "url": "https://api.github.com/repos/jsor/string-formatter/zipball/36d8d8854198e9c7d28700fb8b56838c9811d405",
                "reference": "36d8d8854198e9c7d28700fb8b56838c9811d405",
                "shasum": ""
            },
            "require": {
                "jsor/locale-data": "^1.0 || ^2.0",
                "php": ">=5.3.9"
            },
            "require-dev": {
                "phpunit/phpunit": "^4.8.35 || ^5.7 || ^6.4"
            },
            "type": "library",
            "autoload": {
                "psr-4": {
                    "Jsor\\StringFormatter\\": "src/"
                }
            },
            "notification-url": "https://packagist.org/downloads/",
            "license": [
                "MIT"
            ],
            "authors": [
                {
                    "name": "Jan Sorgalla",
                    "email": "jsorgalla@gmail.com"
                }
            ],
            "description": "Localized formatting of personal names, addresses and telephone numbers.",
            "keywords": [
                "address",
                "format",
                "formatting",
                "i18n",
                "intl",
                "locale",
                "localized",
                "name",
                "number",
                "phone",
                "postal",
                "string",
                "telephone"
            ],
            "time": "2018-08-31T13:36:00+00:00"
        }
    ],
    "packages-dev": [],
    "aliases": [],
    "minimum-stability": "stable",
    "stability-flags": [],
    "prefer-stable": false,
    "prefer-lowest": false,
    "platform": [],
    "platform-dev": [],
    "plugin-api-version": "1.1.0"
}
